
Microsoft Visual Studio Solution File, Format Version 12.00
# Visual Studio Version 17
VisualStudioVersion = 17.13.35825.156 d17.13
MinimumVisualStudioVersion = 10.0.40219.1
Project("{FAE04EC0-301F-11D3-BF4B-00C04F79EFBC}") = "Domain.IterRapisimo", "Domain.IterRapisimo\Domain.IterRapisimo.csproj", "{3F1CB144-5D56-45AE-BF7D-45509C20D4CF}"
EndProject
Project("{FAE04EC0-301F-11D3-BF4B-00C04F79EFBC}") = "Persistencia.InterRapisimo", "Persistencia.InterRapisimo\Persistencia.InterRapisimo.csproj", "{942BBED8-8CFB-45FC-920F-89D8D4DD562B}"
EndProject
Project("{FAE04EC0-301F-11D3-BF4B-00C04F79EFBC}") = "Presentation.InterRapisimo", "Presentation.InterRapisimo\Presentation.InterRapisimo.csproj", "{D32BDEBB-0CA1-41F8-9A70-E5BA254C8258}"
EndProject
Project("{FAE04EC0-301F-11D3-BF4B-00C04F79EFBC}") = "Application.InteRapidisimo", "Application.InteRapidisimo\Application.InteRapidisimo.csproj", "{9D3FA33C-05C1-4140-9766-2FFA8F513302}"
EndProject
Project("{FAE04EC0-301F-11D3-BF4B-00C04F79EFBC}") = "InfraStrucure.InterRapidisimo", "InfraStrucure.InterRapidisimo\InfraStrucure.InterRapidisimo.csproj", "{893FCC8A-9009-4BDE-AEF7-CEFB76E944ED}"
EndProject
Global
	GlobalSection(SolutionConfigurationPlatforms) = preSolution
		Debug|Any CPU = Debug|Any CPU
		Release|Any CPU = Release|Any CPU
	EndGlobalSection
	GlobalSection(ProjectConfigurationPlatforms) = postSolution
		{3F1CB144-5D56-45AE-BF7D-45509C20D4CF}.Debug|Any CPU.ActiveCfg = Debug|Any CPU
		{3F1CB144-5D56-45AE-BF7D-45509C20D4CF}.Debug|Any CPU.Build.0 = Debug|Any CPU
		{3F1CB144-5D56-45AE-BF7D-45509C20D4CF}.Release|Any CPU.ActiveCfg = Release|Any CPU
		{3F1CB144-5D56-45AE-BF7D-45509C20D4CF}.Release|Any CPU.Build.0 = Release|Any CPU
		{942BBED8-8CFB-45FC-920F-89D8D4DD562B}.Debug|Any CPU.ActiveCfg = Debug|Any CPU
		{942BBED8-8CFB-45FC-920F-89D8D4DD562B}.Debug|Any CPU.Build.0 = Debug|Any CPU
		{942BBED8-8CFB-45FC-920F-89D8D4DD562B}.Release|Any CPU.ActiveCfg = Release|Any CPU
		{942BBED8-8CFB-45FC-920F-89D8D4DD562B}.Release|Any CPU.Build.0 = Release|Any CPU
		{D32BDEBB-0CA1-41F8-9A70-E5BA254C8258}.Debug|Any CPU.ActiveCfg = Debug|Any CPU
		{D32BDEBB-0CA1-41F8-9A70-E5BA254C8258}.Debug|Any CPU.Build.0 = Debug|Any CPU
		{D32BDEBB-0CA1-41F8-9A70-E5BA254C8258}.Release|Any CPU.ActiveCfg = Release|Any CPU
		{D32BDEBB-0CA1-41F8-9A70-E5BA254C8258}.Release|Any CPU.Build.0 = Release|Any CPU
		{9D3FA33C-05C1-4140-9766-2FFA8F513302}.Debug|Any CPU.ActiveCfg = Debug|Any CPU
		{9D3FA33C-05C1-4140-9766-2FFA8F513302}.Debug|Any CPU.Build.0 = Debug|Any CPU
		{9D3FA33C-05C1-4140-9766-2FFA8F513302}.Release|Any CPU.ActiveCfg = Release|Any CPU
		{9D3FA33C-05C1-4140-9766-2FFA8F513302}.Release|Any CPU.Build.0 = Release|Any CPU
		{893FCC8A-9009-4BDE-AEF7-CEFB76E944ED}.Debug|Any CPU.ActiveCfg = Debug|Any CPU
		{893FCC8A-9009-4BDE-AEF7-CEFB76E944ED}.Debug|Any CPU.Build.0 = Debug|Any CPU
		{893FCC8A-9009-4BDE-AEF7-CEFB76E944ED}.Release|Any CPU.ActiveCfg = Release|Any CPU
		{893FCC8A-9009-4BDE-AEF7-CEFB76E944ED}.Release|Any CPU.Build.0 = Release|Any CPU
	EndGlobalSection
	GlobalSection(SolutionProperties) = preSolution
		HideSolutionNode = FALSE
	EndGlobalSection
	GlobalSection(ExtensibilityGlobals) = postSolution
		SolutionGuid = {C8CA5EE5-C546-4FDE-A2B1-ECEE7569976A}
	EndGlobalSection
EndGlobal
